
Microsoft Visual Studio Solution File, Format Version 12.00
# Visual Studio Version 17
VisualStudioVersion = 17.3.32901.215
MinimumVisualStudioVersion = 10.0.40219.1
Project("{FAE04EC0-301F-11D3-BF4B-00C04F79EFBC}") = "SohaLoginApi", "SohaLoginApi\SohaLoginApi.csproj", "{540E3F48-2ABE-4884-BB93-26BF8D458CFA}"
EndProject
Project("{FAE04EC0-301F-11D3-BF4B-00C04F79EFBC}") = "SohaLogin", "SohaLogin\SohaLogin.csproj", "{4A101578-C57D-4526-BAFE-E5F57EBBFEA5}"
EndProject
Project("{FAE04EC0-301F-11D3-BF4B-00C04F79EFBC}") = "SohaLogin.Tests", "SohaLogin.Tests\SohaLogin.Tests.csproj", "{65C51616-3B20-4636-8BD1-275C40678DA5}"
EndProject
Global
	GlobalSection(SolutionConfigurationPlatforms) = preSolution
		Debug|Any CPU = Debug|Any CPU
		Release|Any CPU = Release|Any CPU
	EndGlobalSection
	GlobalSection(ProjectConfigurationPlatforms) = postSolution
		{540E3F48-2ABE-4884-BB93-26BF8D458CFA}.Debug|Any CPU.ActiveCfg = Debug|Any CPU
		{540E3F48-2ABE-4884-BB93-26BF8D458CFA}.Debug|Any CPU.Build.0 = Debug|Any CPU
		{540E3F48-2ABE-4884-BB93-26BF8D458CFA}.Release|Any CPU.ActiveCfg = Release|Any CPU
		{540E3F48-2ABE-4884-BB93-26BF8D458CFA}.Release|Any CPU.Build.0 = Release|Any CPU
		{4A101578-C57D-4526-BAFE-E5F57EBBFEA5}.Debug|Any CPU.ActiveCfg = Debug|Any CPU
		{4A101578-C57D-4526-BAFE-E5F57EBBFEA5}.Debug|Any CPU.Build.0 = Debug|Any CPU
		{4A101578-C57D-4526-BAFE-E5F57EBBFEA5}.Release|Any CPU.ActiveCfg = Release|Any CPU
		{4A101578-C57D-4526-BAFE-E5F57EBBFEA5}.Release|Any CPU.Build.0 = Release|Any CPU
		{65C51616-3B20-4636-8BD1-275C40678DA5}.Debug|Any CPU.ActiveCfg = Debug|Any CPU
		{65C51616-3B20-4636-8BD1-275C40678DA5}.Debug|Any CPU.Build.0 = Debug|Any CPU
		{65C51616-3B20-4636-8BD1-275C40678DA5}.Release|Any CPU.ActiveCfg = Release|Any CPU
		{65C51616-3B20-4636-8BD1-275C40678DA5}.Release|Any CPU.Build.0 = Release|Any CPU
	EndGlobalSection
	GlobalSection(SolutionProperties) = preSolution
		HideSolutionNode = FALSE
	EndGlobalSection
	GlobalSection(ExtensibilityGlobals) = postSolution
		SolutionGuid = {2BFA5937-0BC2-4F5C-BA02-AEFA12440C42}
	EndGlobalSection
EndGlobal
